
Microsoft Visual Studio Solution File, Format Version 12.00
# Visual Studio 15
VisualStudioVersion = 15.0.26430.16
MinimumVisualStudioVersion = 10.0.40219.1
Project("{FAE04EC0-301F-11D3-BF4B-00C04F79EFBC}") = "funkyGauge", "funkyGauge\funkyGauge.csproj", "{0987B112-5296-48A0-AEE5-DDEBA540FF86}"
EndProject
Project("{FAE04EC0-301F-11D3-BF4B-00C04F79EFBC}") = "TestServoDriver", "TestServoDriver\TestServoDriver.csproj", "{EC1ACF7A-407F-4D6C-AF4B-B24B4B2FCA25}"
EndProject
Project("{FAE04EC0-301F-11D3-BF4B-00C04F79EFBC}") = "libPCA9685", "libPCA9685\libPCA9685.csproj", "{62911821-4377-4DD3-9791-0C643AFB5CAA}"
EndProject
Project("{FAE04EC0-301F-11D3-BF4B-00C04F79EFBC}") = "libPWMdeviceControl", "libPWMdeviceControl\libPWMdeviceControl.csproj", "{EED5A34D-8CEB-4098-AA78-0346B432F8F1}"
EndProject
Project("{FAE04EC0-301F-11D3-BF4B-00C04F79EFBC}") = "WahlDashboard", "WahlDashboard\WahlDashboard.csproj", "{FAB76E4A-775E-4731-8DD1-DDBBAEBF0633}"
EndProject
Global
	GlobalSection(SolutionConfigurationPlatforms) = preSolution
		Debug|Any CPU = Debug|Any CPU
		Debug|ARM = Debug|ARM
		Debug|x64 = Debug|x64
		Debug|x86 = Debug|x86
		Release|Any CPU = Release|Any CPU
		Release|ARM = Release|ARM
		Release|x64 = Release|x64
		Release|x86 = Release|x86
	EndGlobalSection
	GlobalSection(ProjectConfigurationPlatforms) = postSolution
		{0987B112-5296-48A0-AEE5-DDEBA540FF86}.Debug|Any CPU.ActiveCfg = Debug|x86
		{0987B112-5296-48A0-AEE5-DDEBA540FF86}.Debug|ARM.ActiveCfg = Debug|ARM
		{0987B112-5296-48A0-AEE5-DDEBA540FF86}.Debug|ARM.Build.0 = Debug|ARM
		{0987B112-5296-48A0-AEE5-DDEBA540FF86}.Debug|ARM.Deploy.0 = Debug|ARM
		{0987B112-5296-48A0-AEE5-DDEBA540FF86}.Debug|x64.ActiveCfg = Debug|x64
		{0987B112-5296-48A0-AEE5-DDEBA540FF86}.Debug|x64.Build.0 = Debug|x64
		{0987B112-5296-48A0-AEE5-DDEBA540FF86}.Debug|x64.Deploy.0 = Debug|x64
		{0987B112-5296-48A0-AEE5-DDEBA540FF86}.Debug|x86.ActiveCfg = Debug|x86
		{0987B112-5296-48A0-AEE5-DDEBA540FF86}.Debug|x86.Build.0 = Debug|x86
		{0987B112-5296-48A0-AEE5-DDEBA540FF86}.Debug|x86.Deploy.0 = Debug|x86
		{0987B112-5296-48A0-AEE5-DDEBA540FF86}.Release|Any CPU.ActiveCfg = Release|x86
		{0987B112-5296-48A0-AEE5-DDEBA540FF86}.Release|ARM.ActiveCfg = Release|ARM
		{0987B112-5296-48A0-AEE5-DDEBA540FF86}.Release|ARM.Build.0 = Release|ARM
		{0987B112-5296-48A0-AEE5-DDEBA540FF86}.Release|ARM.Deploy.0 = Release|ARM
		{0987B112-5296-48A0-AEE5-DDEBA540FF86}.Release|x64.ActiveCfg = Release|x64
		{0987B112-5296-48A0-AEE5-DDEBA540FF86}.Release|x64.Build.0 = Release|x64
		{0987B112-5296-48A0-AEE5-DDEBA540FF86}.Release|x64.Deploy.0 = Release|x64
		{0987B112-5296-48A0-AEE5-DDEBA540FF86}.Release|x86.ActiveCfg = Release|x86
		{0987B112-5296-48A0-AEE5-DDEBA540FF86}.Release|x86.Build.0 = Release|x86
		{0987B112-5296-48A0-AEE5-DDEBA540FF86}.Release|x86.Deploy.0 = Release|x86
		{EC1ACF7A-407F-4D6C-AF4B-B24B4B2FCA25}.Debug|Any CPU.ActiveCfg = Debug|x86
		{EC1ACF7A-407F-4D6C-AF4B-B24B4B2FCA25}.Debug|ARM.ActiveCfg = Debug|ARM
		{EC1ACF7A-407F-4D6C-AF4B-B24B4B2FCA25}.Debug|ARM.Build.0 = Debug|ARM
		{EC1ACF7A-407F-4D6C-AF4B-B24B4B2FCA25}.Debug|ARM.Deploy.0 = Debug|ARM
		{EC1ACF7A-407F-4D6C-AF4B-B24B4B2FCA25}.Debug|x64.ActiveCfg = Debug|x64
		{EC1ACF7A-407F-4D6C-AF4B-B24B4B2FCA25}.Debug|x64.Build.0 = Debug|x64
		{EC1ACF7A-407F-4D6C-AF4B-B24B4B2FCA25}.Debug|x64.Deploy.0 = Debug|x64
		{EC1ACF7A-407F-4D6C-AF4B-B24B4B2FCA25}.Debug|x86.ActiveCfg = Debug|x86
		{EC1ACF7A-407F-4D6C-AF4B-B24B4B2FCA25}.Debug|x86.Build.0 = Debug|x86
		{EC1ACF7A-407F-4D6C-AF4B-B24B4B2FCA25}.Debug|x86.Deploy.0 = Debug|x86
		{EC1ACF7A-407F-4D6C-AF4B-B24B4B2FCA25}.Release|Any CPU.ActiveCfg = Release|x86
		{EC1ACF7A-407F-4D6C-AF4B-B24B4B2FCA25}.Release|ARM.ActiveCfg = Release|ARM
		{EC1ACF7A-407F-4D6C-AF4B-B24B4B2FCA25}.Release|ARM.Build.0 = Release|ARM
		{EC1ACF7A-407F-4D6C-AF4B-B24B4B2FCA25}.Release|ARM.Deploy.0 = Release|ARM
		{EC1ACF7A-407F-4D6C-AF4B-B24B4B2FCA25}.Release|x64.ActiveCfg = Release|x64
		{EC1ACF7A-407F-4D6C-AF4B-B24B4B2FCA25}.Release|x64.Build.0 = Release|x64
		{EC1ACF7A-407F-4D6C-AF4B-B24B4B2FCA25}.Release|x64.Deploy.0 = Release|x64
		{EC1ACF7A-407F-4D6C-AF4B-B24B4B2FCA25}.Release|x86.ActiveCfg = Release|x86
		{EC1ACF7A-407F-4D6C-AF4B-B24B4B2FCA25}.Release|x86.Build.0 = Release|x86
		{EC1ACF7A-407F-4D6C-AF4B-B24B4B2FCA25}.Release|x86.Deploy.0 = Release|x86
		{62911821-4377-4DD3-9791-0C643AFB5CAA}.Debug|Any CPU.ActiveCfg = Debug|Any CPU
		{62911821-4377-4DD3-9791-0C643AFB5CAA}.Debug|Any CPU.Build.0 = Debug|Any CPU
		{62911821-4377-4DD3-9791-0C643AFB5CAA}.Debug|ARM.ActiveCfg = Debug|ARM
		{62911821-4377-4DD3-9791-0C643AFB5CAA}.Debug|ARM.Build.0 = Debug|ARM
		{62911821-4377-4DD3-9791-0C643AFB5CAA}.Debug|x64.ActiveCfg = Debug|x64
		{62911821-4377-4DD3-9791-0C643AFB5CAA}.Debug|x64.Build.0 = Debug|x64
		{62911821-4377-4DD3-9791-0C643AFB5CAA}.Debug|x86.ActiveCfg = Debug|x86
		{62911821-4377-4DD3-9791-0C643AFB5CAA}.Debug|x86.Build.0 = Debug|x86
		{62911821-4377-4DD3-9791-0C643AFB5CAA}.Release|Any CPU.ActiveCfg = Release|Any CPU
		{62911821-4377-4DD3-9791-0C643AFB5CAA}.Release|Any CPU.Build.0 = Release|Any CPU
		{62911821-4377-4DD3-9791-0C643AFB5CAA}.Release|ARM.ActiveCfg = Release|ARM
		{62911821-4377-4DD3-9791-0C643AFB5CAA}.Release|ARM.Build.0 = Release|ARM
		{62911821-4377-4DD3-9791-0C643AFB5CAA}.Release|x64.ActiveCfg = Release|x64
		{62911821-4377-4DD3-9791-0C643AFB5CAA}.Release|x64.Build.0 = Release|x64
		{62911821-4377-4DD3-9791-0C643AFB5CAA}.Release|x86.ActiveCfg = Release|x86
		{62911821-4377-4DD3-9791-0C643AFB5CAA}.Release|x86.Build.0 = Release|x86
		{EED5A34D-8CEB-4098-AA78-0346B432F8F1}.Debug|Any CPU.ActiveCfg = Debug|Any CPU
		{EED5A34D-8CEB-4098-AA78-0346B432F8F1}.Debug|Any CPU.Build.0 = Debug|Any CPU
		{EED5A34D-8CEB-4098-AA78-0346B432F8F1}.Debug|ARM.ActiveCfg = Debug|ARM
		{EED5A34D-8CEB-4098-AA78-0346B432F8F1}.Debug|ARM.Build.0 = Debug|ARM
		{EED5A34D-8CEB-4098-AA78-0346B432F8F1}.Debug|x64.ActiveCfg = Debug|x64
		{EED5A34D-8CEB-4098-AA78-0346B432F8F1}.Debug|x64.Build.0 = Debug|x64
		{EED5A34D-8CEB-4098-AA78-0346B432F8F1}.Debug|x86.ActiveCfg = Debug|x86
		{EED5A34D-8CEB-4098-AA78-0346B432F8F1}.Debug|x86.Build.0 = Debug|x86
		{EED5A34D-8CEB-4098-AA78-0346B432F8F1}.Release|Any CPU.ActiveCfg = Release|Any CPU
		{EED5A34D-8CEB-4098-AA78-0346B432F8F1}.Release|Any CPU.Build.0 = Release|Any CPU
		{EED5A34D-8CEB-4098-AA78-0346B432F8F1}.Release|ARM.ActiveCfg = Release|ARM
		{EED5A34D-8CEB-4098-AA78-0346B432F8F1}.Release|ARM.Build.0 = Release|ARM
		{EED5A34D-8CEB-4098-AA78-0346B432F8F1}.Release|x64.ActiveCfg = Release|x64
		{EED5A34D-8CEB-4098-AA78-0346B432F8F1}.Release|x64.Build.0 = Release|x64
		{EED5A34D-8CEB-4098-AA78-0346B432F8F1}.Release|x86.ActiveCfg = Release|x86
		{EED5A34D-8CEB-4098-AA78-0346B432F8F1}.Release|x86.Build.0 = Release|x86
		{FAB76E4A-775E-4731-8DD1-DDBBAEBF0633}.Debug|Any CPU.ActiveCfg = Debug|x86
		{FAB76E4A-775E-4731-8DD1-DDBBAEBF0633}.Debug|ARM.ActiveCfg = Debug|ARM
		{FAB76E4A-775E-4731-8DD1-DDBBAEBF0633}.Debug|ARM.Build.0 = Debug|ARM
		{FAB76E4A-775E-4731-8DD1-DDBBAEBF0633}.Debug|ARM.Deploy.0 = Debug|ARM
		{FAB76E4A-775E-4731-8DD1-DDBBAEBF0633}.Debug|x64.ActiveCfg = Debug|x64
		{FAB76E4A-775E-4731-8DD1-DDBBAEBF0633}.Debug|x64.Build.0 = Debug|x64
		{FAB76E4A-775E-4731-8DD1-DDBBAEBF0633}.Debug|x64.Deploy.0 = Debug|x64
		{FAB76E4A-775E-4731-8DD1-DDBBAEBF0633}.Debug|x86.ActiveCfg = Debug|x86
		{FAB76E4A-775E-4731-8DD1-DDBBAEBF0633}.Debug|x86.Build.0 = Debug|x86
		{FAB76E4A-775E-4731-8DD1-DDBBAEBF0633}.Debug|x86.Deploy.0 = Debug|x86
		{FAB76E4A-775E-4731-8DD1-DDBBAEBF0633}.Release|Any CPU.ActiveCfg = Release|x86
		{FAB76E4A-775E-4731-8DD1-DDBBAEBF0633}.Release|ARM.ActiveCfg = Release|ARM
		{FAB76E4A-775E-4731-8DD1-DDBBAEBF0633}.Release|ARM.Build.0 = Release|ARM
		{FAB76E4A-775E-4731-8DD1-DDBBAEBF0633}.Release|ARM.Deploy.0 = Release|ARM
		{FAB76E4A-775E-4731-8DD1-DDBBAEBF0633}.Release|x64.ActiveCfg = Release|x64
		{FAB76E4A-775E-4731-8DD1-DDBBAEBF0633}.Release|x64.Build.0 = Release|x64
		{FAB76E4A-775E-4731-8DD1-DDBBAEBF0633}.Release|x64.Deploy.0 = Release|x64
		{FAB76E4A-775E-4731-8DD1-DDBBAEBF0633}.Release|x86.ActiveCfg = Release|x86
		{FAB76E4A-775E-4731-8DD1-DDBBAEBF0633}.Release|x86.Build.0 = Release|x86
		{FAB76E4A-775E-4731-8DD1-DDBBAEBF0633}.Release|x86.Deploy.0 = Release|x86
	EndGlobalSection
	GlobalSection(SolutionProperties) = preSolution
		HideSolutionNode = FALSE
	EndGlobalSection
EndGlobal
